Microsoft Visual Studio Solution File, Format Version 11.00
# Visual Studio 2008

Project("{02EA23B8-9EDE-A56B-925E-2A43C1DEBBDC}") = "Unity Tutorial 1", "Assembly-CSharp.csproj", "{79CDE80C-DB59-CC20-BC4B-914C7F1BC68C}"
EndProject
Global
	GlobalSection(SolutionConfigurationPlatforms) = preSolution
		Debug|Any CPU = Debug|Any CPU
		Release|Any CPU = Release|Any CPU
	EndGlobalSection
	GlobalSection(ProjectConfigurationPlatforms) = postSolution
		{79CDE80C-DB59-CC20-BC4B-914C7F1BC68C}.Debug|Any CPU.ActiveCfg = Debug|Any CPU
		{79CDE80C-DB59-CC20-BC4B-914C7F1BC68C}.Debug|Any CPU.Build.0 = Debug|Any CPU
		{79CDE80C-DB59-CC20-BC4B-914C7F1BC68C}.Release|Any CPU.ActiveCfg = Release|Any CPU
		{79CDE80C-DB59-CC20-BC4B-914C7F1BC68C}.Release|Any CPU.Build.0 = Release|Any CPU
	EndGlobalSection
	GlobalSection(SolutionProperties) = preSolution
		HideSolutionNode = FALSE
	EndGlobalSection
	GlobalSection(MonoDevelopProperties) = preSolution
		StartupItem = Assembly-CSharp.csproj
	EndGlobalSection
EndGlobal
